# This file is automatically @generated by Cargo.
# It is not intended for manual editing.
[[package]]
name = "daiquiri"
version = "0.1.0"
dependencies = [
 "libpowerdna-sys",
]

[[package]]
name = "libpowerdna-sys"
version = "0.1.0"
source = "git+ssh://git@gitlab.com/ati-software-dev/powerdna-rust.git#a546f3d52d0b56bd88b23298063a785b0f31d011"
